// !$*UTF8*$!
{
	archiveVersion = 1;
	classes = {
	};
	objectVersion = 50;
	objects = {

/* Begin PBXBuildFile section */
		1983D8CA25E886C2005CC0F1 /* AppDelegate.swift in Sources */ = {isa = PBXBuildFile; fileRef = 1983D8C925E886C2005CC0F1 /* AppDelegate.swift */; };
		1983D8CC25E886C2005CC0F1 /* SceneDelegate.swift in Sources */ = {isa = PBXBuildFile; fileRef = 1983D8CB25E886C2005CC0F1 /* SceneDelegate.swift */; };
		1983D8CE25E886C2005CC0F1 /* ViewController.swift in Sources */ = {isa = PBXBuildFile; fileRef = 1983D8CD25E886C2005CC0F1 /* ViewController.swift */; };
		1983D8D125E886C2005CC0F1 /* Main.storyboard in Resources */ = {isa = PBXBuildFile; fileRef = 1983D8CF25E886C2005CC0F1 /* Main.storyboard */; };
		1983D8D325E886C5005CC0F1 /* Assets.xcassets in Resources */ = {isa = PBXBuildFile; fileRef = 1983D8D225E886C5005CC0F1 /* Assets.xcassets */; };
		1983D8D625E886C5005CC0F1 /* LaunchScreen.storyboard in Resources */ = {isa = PBXBuildFile; fileRef = 1983D8D425E886C5005CC0F1 /* LaunchScreen.storyboard */; };
		1983D8E125E886C6005CC0F1 /* DSA_AppTests.swift in Sources */ = {isa = PBXBuildFile; fileRef = 1983D8E025E886C6005CC0F1 /* DSA_AppTests.swift */; };
		1983D8EC25E886C6005CC0F1 /* DSA_AppUITests.swift in Sources */ = {isa = PBXBuildFile; fileRef = 1983D8EB25E886C6005CC0F1 /* DSA_AppUITests.swift */; };
/* End PBXBuildFile section */

/* Begin PBXContainerItemProxy section */
		1983D8DD25E886C6005CC0F1 /* PBXContainerItemProxy */ = {
			isa = PBXContainerItemProxy;
			containerPortal = 1983D8BE25E886C2005CC0F1 /* Project object */;
			proxyType = 1;
			remoteGlobalIDString = 1983D8C525E886C2005CC0F1;
			remoteInfo = "DSA App";
		};
		1983D8E825E886C6005CC0F1 /* PBXContainerItemProxy */ = {
			isa = PBXContainerItemProxy;
			containerPortal = 1983D8BE25E886C2005CC0F1 /* Project object */;
			proxyType = 1;
			remoteGlobalIDString = 1983D8C525E886C2005CC0F1;
			remoteInfo = "DSA App";
		};
/* End PBXContainerItemProxy section */

/* Begin PBXFileReference section */
		1983D8C625E886C2005CC0F1 /* DSA App.app */ = {isa = PBXFileReference; explicitFileType = wrapper.application; includeInIndex = 0; path = "DSA App.app"; sourceTree = BUILT_PRODUCTS_DIR; };
		1983D8C925E886C2005CC0F1 /* AppDelegate.swift */ = {isa = PBXFileReference; lastKnownFileType = sourcecode.swift; path = AppDelegate.swift; sourceTree = "<group>"; };
		1983D8CB25E886C2005CC0F1 /* SceneDelegate.swift */ = {isa = PBXFileReference; lastKnownFileType = sourcecode.swift; path = SceneDelegate.swift; sourceTree = "<group>"; };
		1983D8CD25E886C2005CC0F1 /* ViewController.swift */ = {isa = PBXFileReference; lastKnownFileType = sourcecode.swift; path = ViewController.swift; sourceTree = "<group>"; };
		1983D8D025E886C2005CC0F1 /* Base */ = {isa = PBXFileReference; lastKnownFileType = file.storyboard; name = Base; path = Base.lproj/Main.storyboard; sourceTree = "<group>"; };
		1983D8D225E886C5005CC0F1 /* Assets.xcassets */ = {isa = PBXFileReference; lastKnownFileType = folder.assetcatalog; path = Assets.xcassets; sourceTree = "<group>"; };
		1983D8D525E886C5005CC0F1 /* Base */ = {isa = PBXFileReference; lastKnownFileType = file.storyboard; name = Base; path = Base.lproj/LaunchScreen.storyboard; sourceTree = "<group>"; };
		1983D8D725E886C5005CC0F1 /* Info.plist */ = {isa = PBXFileReference; lastKnownFileType = text.plist.xml; path = Info.plist; sourceTree = "<group>"; };
		1983D8DC25E886C6005CC0F1 /* DSA AppTests.xctest */ = {isa = PBXFileReference; explicitFileType = wrapper.cfbundle; includeInIndex = 0; path = "DSA AppTests.xctest"; sourceTree = BUILT_PRODUCTS_DIR; };
		1983D8E025E886C6005CC0F1 /* DSA_AppTests.swift */ = {isa = PBXFileReference; lastKnownFileType = sourcecode.swift; path = DSA_AppTests.swift; sourceTree = "<group>"; };
		1983D8E225E886C6005CC0F1 /* Info.plist */ = {isa = PBXFileReference; lastKnownFileType = text.plist.xml; path = Info.plist; sourceTree = "<group>"; };
		1983D8E725E886C6005CC0F1 /* DSA AppUITests.xctest */ = {isa = PBXFileReference; explicitFileType = wrapper.cfbundle; includeInIndex = 0; path = "DSA AppUITests.xctest"; sourceTree = BUILT_PRODUCTS_DIR; };
		1983D8EB25E886C6005CC0F1 /* DSA_AppUITests.swift */ = {isa = PBXFileReference; lastKnownFileType = sourcecode.swift; path = DSA_AppUITests.swift; sourceTree = "<group>"; };
		1983D8ED25E886C6005CC0F1 /* Info.plist */ = {isa = PBXFileReference; lastKnownFileType = text.plist.xml; path = Info.plist; sourceTree = "<group>"; };
/* End PBXFileReference section */

/* Begin PBXFrameworksBuildPhase section */
		1983D8C325E886C2005CC0F1 /* Frameworks */ = {
			isa = PBXFrameworksBuildPhase;
			buildActionMask = 2147483647;
			files = (
			);
			runOnlyForDeploymentPostprocessing = 0;
		};
		1983D8D925E886C6005CC0F1 /* Frameworks */ = {
			isa = PBXFrameworksBuildPhase;
			buildActionMask = 2147483647;
			files = (
			);
			runOnlyForDeploymentPostprocessing = 0;
		};
		1983D8E425E886C6005CC0F1 /* Frameworks */ = {
			isa = PBXFrameworksBuildPhase;
			buildActionMask = 2147483647;
			files = (
			);
			runOnlyForDeploymentPostprocessing = 0;
		};
/* End PBXFrameworksBuildPhase section */

/* Begin PBXGroup section */
		1983D8BD25E886C2005CC0F1 = {
			isa = PBXGroup;
			children = (
				1983D8C825E886C2005CC0F1 /* DSA App */,
				1983D8DF25E886C6005CC0F1 /* DSA AppTests */,
				1983D8EA25E886C6005CC0F1 /* DSA AppUITests */,
				1983D8C725E886C2005CC0F1 /* Products */,
			);
			sourceTree = "<group>";
		};
		1983D8C725E886C2005CC0F1 /* Products */ = {
			isa = PBXGroup;
			children = (
				1983D8C625E886C2005CC0F1 /* DSA App.app */,
				1983D8DC25E886C6005CC0F1 /* DSA AppTests.xctest */,
				1983D8E725E886C6005CC0F1 /* DSA AppUITests.xctest */,
			);
			name = Products;
			sourceTree = "<group>";
		};
		1983D8C825E886C2005CC0F1 /* DSA App */ = {
			isa = PBXGroup;
			children = (
				1983D8C925E886C2005CC0F1 /* AppDelegate.swift */,
				1983D8CB25E886C2005CC0F1 /* SceneDelegate.swift */,
				1983D8CD25E886C2005CC0F1 /* ViewController.swift */,
				1983D8CF25E886C2005CC0F1 /* Main.storyboard */,
				1983D8D225E886C5005CC0F1 /* Assets.xcassets */,
				1983D8D425E886C5005CC0F1 /* LaunchScreen.storyboard */,
				1983D8D725E886C5005CC0F1 /* Info.plist */,
			);
			path = "DSA App";
			sourceTree = "<group>";
		};
		1983D8DF25E886C6005CC0F1 /* DSA AppTests */ = {
			isa = PBXGroup;
			children = (
				1983D8E025E886C6005CC0F1 /* DSA_AppTests.swift */,
				1983D8E225E886C6005CC0F1 /* Info.plist */,
			);
			path = "DSA AppTests";
			sourceTree = "<group>";
		};
		1983D8EA25E886C6005CC0F1 /* DSA AppUITests */ = {
			isa = PBXGroup;
			children = (
				1983D8EB25E886C6005CC0F1 /* DSA_AppUITests.swift */,
				1983D8ED25E886C6005CC0F1 /* Info.plist */,
			);
			path = "DSA AppUITests";
			sourceTree = "<group>";
		};
/* End PBXGroup section */

/* Begin PBXNativeTarget section */
		1983D8C525E886C2005CC0F1 /* DSA App */ = {
			isa = PBXNativeTarget;
			buildConfigurationList = 1983D8F025E886C6005CC0F1 /* Build configuration list for PBXNativeTarget "DSA App" */;
			buildPhases = (
				1983D8C225E886C2005CC0F1 /* Sources */,
				1983D8C325E886C2005CC0F1 /* Frameworks */,
				1983D8C425E886C2005CC0F1 /* Resources */,
			);
			buildRules = (
			);
			dependencies = (
			);
			name = "DSA App";
			productName = "DSA App";
			productReference = 1983D8C625E886C2005CC0F1 /* DSA App.app */;
			productType = "com.apple.product-type.application";
		};
		1983D8DB25E886C6005CC0F1 /* DSA AppTests */ = {
			isa = PBXNativeTarget;
			buildConfigurationList = 1983D8F325E886C6005CC0F1 /* Build configuration list for PBXNativeTarget "DSA AppTests" */;
			buildPhases = (
				1983D8D825E886C6005CC0F1 /* Sources */,
				1983D8D925E886C6005CC0F1 /* Frameworks */,
				1983D8DA25E886C6005CC0F1 /* Resources */,
			);
			buildRules = (
			);
			dependencies = (
				1983D8DE25E886C6005CC0F1 /* PBXTargetDependency */,
			);
			name = "DSA AppTests";
			productName = "DSA AppTests";
			productReference = 1983D8DC25E886C6005CC0F1 /* DSA AppTests.xctest */;
			productType = "com.apple.product-type.bundle.unit-test";
		};
		1983D8E625E886C6005CC0F1 /* DSA AppUITests */ = {
			isa = PBXNativeTarget;
			buildConfigurationList = 1983D8F625E886C6005CC0F1 /* Build configuration list for PBXNativeTarget "DSA AppUITests" */;
			buildPhases = (
				1983D8E325E886C6005CC0F1 /* Sources */,
				1983D8E425E886C6005CC0F1 /* Frameworks */,
				1983D8E525E886C6005CC0F1 /* Resources */,
			);
			buildRules = (
			);
			dependencies = (
				1983D8E925E886C6005CC0F1 /* PBXTargetDependency */,
			);
			name = "DSA AppUITests";
			productName = "DSA AppUITests";
			productReference = 1983D8E725E886C6005CC0F1 /* DSA AppUITests.xctest */;
			productType = "com.apple.product-type.bundle.ui-testing";
		};
/* End PBXNativeTarget section */

/* Begin PBXProject section */
		1983D8BE25E886C2005CC0F1 /* Project object */ = {
			isa = PBXProject;
			attributes = {
				LastSwiftUpdateCheck = 1240;
				LastUpgradeCheck = 1240;
				TargetAttributes = {
					1983D8C525E886C2005CC0F1 = {
						CreatedOnToolsVersion = 12.4;
					};
					1983D8DB25E886C6005CC0F1 = {
						CreatedOnToolsVersion = 12.4;
						TestTargetID = 1983D8C525E886C2005CC0F1;
					};
					1983D8E625E886C6005CC0F1 = {
						CreatedOnToolsVersion = 12.4;
						TestTargetID = 1983D8C525E886C2005CC0F1;
					};
				};
			};
			buildConfigurationList = 1983D8C125E886C2005CC0F1 /* Build configuration list for PBXProject "DSA App" */;
			compatibilityVersion = "Xcode 9.3";
			developmentRegion = en;
			hasScannedForEncodings = 0;
			knownRegions = (
				en,
				Base,
			);
			mainGroup = 1983D8BD25E886C2005CC0F1;
			productRefGroup = 1983D8C725E886C2005CC0F1 /* Products */;
			projectDirPath = "";
			projectRoot = "";
			targets = (
				1983D8C525E886C2005CC0F1 /* DSA App */,
				1983D8DB25E886C6005CC0F1 /* DSA AppTests */,
				1983D8E625E886C6005CC0F1 /* DSA AppUITests */,
			);
		};
/* End PBXProject section */

/* Begin PBXResourcesBuildPhase section */
		1983D8C425E886C2005CC0F1 /* Resources */ = {
			isa = PBXResourcesBuildPhase;
			buildActionMask = 2147483647;
			files = (
				1983D8D625E886C5005CC0F1 /* LaunchScreen.storyboard in Resources */,
				1983D8D325E886C5005CC0F1 /* Assets.xcassets in Resources */,
				1983D8D125E886C2005CC0F1 /* Main.storyboard in Resources */,
			);
			runOnlyForDeploymentPostprocessing = 0;
		};
		1983D8DA25E886C6005CC0F1 /* Resources */ = {
			isa = PBXResourcesBuildPhase;
			buildActionMask = 2147483647;
			files = (
			);
			runOnlyForDeploymentPostprocessing = 0;
		};
		1983D8E525E886C6005CC0F1 /* Resources */ = {
			isa = PBXResourcesBuildPhase;
			buildActionMask = 2147483647;
			files = (
			);
			runOnlyForDeploymentPostprocessing = 0;
		};
/* End PBXResourcesBuildPhase section */

/* Begin PBXSourcesBuildPhase section */
		1983D8C225E886C2005CC0F1 /* Sources */ = {
			isa = PBXSourcesBuildPhase;
			buildActionMask = 2147483647;
			files = (
				1983D8CE25E886C2005CC0F1 /* ViewController.swift in Sources */,
				1983D8CA25E886C2005CC0F1 /* AppDelegate.swift in Sources */,
				1983D8CC25E886C2005CC0F1 /* SceneDelegate.swift in Sources */,
			);
			runOnlyForDeploymentPostprocessing = 0;
		};
		1983D8D825E886C6005CC0F1 /* Sources */ = {
			isa = PBXSourcesBuildPhase;
			buildActionMask = 2147483647;
			files = (
				1983D8E125E886C6005CC0F1 /* DSA_AppTests.swift in Sources */,
			);
			runOnlyForDeploymentPostprocessing = 0;
		};
		1983D8E325E886C6005CC0F1 /* Sources */ = {
			isa = PBXSourcesBuildPhase;
			buildActionMask = 2147483647;
			files = (
				1983D8EC25E886C6005CC0F1 /* DSA_AppUITests.swift in Sources */,
			);
			runOnlyForDeploymentPostprocessing = 0;
		};
/* End PBXSourcesBuildPhase section */

/* Begin PBXTargetDependency section */
		1983D8DE25E886C6005CC0F1 /* PBXTargetDependency */ = {
			isa = PBXTargetDependency;
			target = 1983D8C525E886C2005CC0F1 /* DSA App */;
			targetProxy = 1983D8DD25E886C6005CC0F1 /* PBXContainerItemProxy */;
		};
		1983D8E925E886C6005CC0F1 /* PBXTargetDependency */ = {
			isa = PBXTargetDependency;
			target = 1983D8C525E886C2005CC0F1 /* DSA App */;
			targetProxy = 1983D8E825E886C6005CC0F1 /* PBXContainerItemProxy */;
		};
/* End PBXTargetDependency section */

/* Begin PBXVariantGroup section */
		1983D8CF25E886C2005CC0F1 /* Main.storyboard */ = {
			isa = PBXVariantGroup;
			children = (
				1983D8D025E886C2005CC0F1 /* Base */,
			);
			name = Main.storyboard;
			sourceTree = "<group>";
		};
		1983D8D425E886C5005CC0F1 /* LaunchScreen.storyboard */ = {
			isa = PBXVariantGroup;
			children = (
				1983D8D525E886C5005CC0F1 /* Base */,
			);
			name = LaunchScreen.storyboard;
			sourceTree = "<group>";
		};
/* End PBXVariantGroup section */

/* Begin XCBuildConfiguration section */
		1983D8EE25E886C6005CC0F1 /* Debug */ = {
			isa = XCBuildConfiguration;
			buildSettings = {
				ALWAYS_SEARCH_USER_PATHS = NO;
				CLANG_ANALYZER_NONNULL = YES;
				CLANG_ANALYZER_NUMBER_OBJECT_CONVERSION = YES_AGGRESSIVE;
				CLANG_CXX_LANGUAGE_STANDARD = "gnu++14";
				CLANG_CXX_LIBRARY = "libc++";
				CLANG_ENABLE_MODULES = YES;
				CLANG_ENABLE_OBJC_ARC = YES;
				CLANG_ENABLE_OBJC_WEAK = YES;
				CLANG_WARN_BLOCK_CAPTURE_AUTORELEASING = YES;
				CLANG_WARN_BOOL_CONVERSION = YES;
				CLANG_WARN_COMMA = YES;
				CLANG_WARN_CONSTANT_CONVERSION = YES;
				CLANG_WARN_DEPRECATED_OBJC_IMPLEMENTATIONS = YES;
				CLANG_WARN_DIRECT_OBJC_ISA_USAGE = YES_ERROR;
				CLANG_WARN_DOCUMENTATION_COMMENTS = YES;
				CLANG_WARN_EMPTY_BODY = YES;
				CLANG_WARN_ENUM_CONVERSION = YES;
				CLANG_WARN_INFINITE_RECURSION = YES;
				CLANG_WARN_INT_CONVERSION = YES;
				CLANG_WARN_NON_LITERAL_NULL_CONVERSION = YES;
				CLANG_WARN_OBJC_IMPLICIT_RETAIN_SELF = YES;
				CLANG_WARN_OBJC_LITERAL_CONVERSION = YES;
				CLANG_WARN_OBJC_ROOT_CLASS = YES_ERROR;
				CLANG_WARN_QUOTED_INCLUDE_IN_FRAMEWORK_HEADER = YES;
				CLANG_WARN_RANGE_LOOP_ANALYSIS = YES;
				CLANG_WARN_STRICT_PROTOTYPES = YES;
				CLANG_WARN_SUSPICIOUS_MOVE = YES;
				CLANG_WARN_UNGUARDED_AVAILABILITY = YES_AGGRESSIVE;
				CLANG_WARN_UNREACHABLE_CODE = YES;
				CLANG_WARN__DUPLICATE_METHOD_MATCH = YES;
				COPY_PHASE_STRIP = NO;
				DEBUG_INFORMATION_FORMAT = dwarf;
				ENABLE_STRICT_OBJC_MSGSEND = YES;
				ENABLE_TESTABILITY = YES;
				GCC_C_LANGUAGE_STANDARD = gnu11;
				GCC_DYNAMIC_NO_PIC = NO;
				GCC_NO_COMMON_BLOCKS = YES;
				GCC_OPTIMIZATION_LEVEL = 0;
				GCC_PREPROCESSOR_DEFINITIONS = (
					"DEBUG=1",
					"$(inherited)",
				);
				GCC_WARN_64_TO_32_BIT_CONVERSION = YES;
				GCC_WARN_ABOUT_RETURN_TYPE = YES_ERROR;
				GCC_WARN_UNDECLARED_SELECTOR = YES;
				GCC_WARN_UNINITIALIZED_AUTOS = YES_AGGRESSIVE;
				GCC_WARN_UNUSED_FUNCTION = YES;
				GCC_WARN_UNUSED_VARIABLE = YES;
				IPHONEOS_DEPLOYMENT_TARGET = 14.4;
				MTL_ENABLE_DEBUG_INFO = INCLUDE_SOURCE;
				MTL_FAST_MATH = YES;
				ONLY_ACTIVE_ARCH = YES;
				SDKROOT = iphoneos;
				SWIFT_ACTIVE_COMPILATION_CONDITIONS = DEBUG;
				SWIFT_OPTIMIZATION_LEVEL = "-Onone";
			};
			name = Debug;
		};
		1983D8EF25E886C6005CC0F1 /* Release */ = {
			isa = XCBuildConfiguration;
			buildSettings = {
				ALWAYS_SEARCH_USER_PATHS = NO;
				CLANG_ANALYZER_NONNULL = YES;
				CLANG_ANALYZER_NUMBER_OBJECT_CONVERSION = YES_AGGRESSIVE;
				CLANG_CXX_LANGUAGE_STANDARD = "gnu++14";
				CLANG_CXX_LIBRARY = "libc++";
				CLANG_ENABLE_MODULES = YES;
				CLANG_ENABLE_OBJC_ARC = YES;
				CLANG_ENABLE_OBJC_WEAK = YES;
				CLANG_WARN_BLOCK_CAPTURE_AUTORELEASING = YES;
				CLANG_WARN_BOOL_CONVERSION = YES;
				CLANG_WARN_COMMA = YES;
				CLANG_WARN_CONSTANT_CONVERSION = YES;
				CLANG_WARN_DEPRECATED_OBJC_IMPLEMENTATIONS = YES;
				CLANG_WARN_DIRECT_OBJC_ISA_USAGE = YES_ERROR;
				CLANG_WARN_DOCUMENTATION_COMMENTS = YES;
				CLANG_WARN_EMPTY_BODY = YES;
				CLANG_WARN_ENUM_CONVERSION = YES;
				CLANG_WARN_INFINITE_RECURSION = YES;
				CLANG_WARN_INT_CONVERSION = YES;
				CLANG_WARN_NON_LITERAL_NULL_CONVERSION = YES;
				CLANG_WARN_OBJC_IMPLICIT_RETAIN_SELF = YES;
				CLANG_WARN_OBJC_LITERAL_CONVERSION = YES;
				CLANG_WARN_OBJC_ROOT_CLASS = YES_ERROR;
				CLANG_WARN_QUOTED_INCLUDE_IN_FRAMEWORK_HEADER = YES;
				CLANG_WARN_RANGE_LOOP_ANALYSIS = YES;
				CLANG_WARN_STRICT_PROTOTYPES = YES;
				CLANG_WARN_SUSPICIOUS_MOVE = YES;
				CLANG_WARN_UNGUARDED_AVAILABILITY = YES_AGGRESSIVE;
				CLANG_WARN_UNREACHABLE_CODE = YES;
				CLANG_WARN__DUPLICATE_METHOD_MATCH = YES;
				COPY_PHASE_STRIP = NO;
				DEBUG_INFORMATION_FORMAT = "dwarf-with-dsym";
				ENABLE_NS_ASSERTIONS = NO;
				ENABLE_STRICT_OBJC_MSGSEND = YES;
				GCC_C_LANGUAGE_STANDARD = gnu11;
				GCC_NO_COMMON_BLOCKS = YES;
				GCC_WARN_64_TO_32_BIT_CONVERSION = YES;
				GCC_WARN_ABOUT_RETURN_TYPE = YES_ERROR;
				GCC_WARN_UNDECLARED_SELECTOR = YES;
				GCC_WARN_UNINITIALIZED_AUTOS = YES_AGGRESSIVE;
				GCC_WARN_UNUSED_FUNCTION = YES;
				GCC_WARN_UNUSED_VARIABLE = YES;
				IPHONEOS_DEPLOYMENT_TARGET = 14.4;
				MTL_ENABLE_DEBUG_INFO = NO;
				MTL_FAST_MATH = YES;
				SDKROOT = iphoneos;
				SWIFT_COMPILATION_MODE = wholemodule;
				SWIFT_OPTIMIZATION_LEVEL = "-O";
				VALIDATE_PRODUCT = YES;
			};
			name = Release;
		};
		1983D8F125E886C6005CC0F1 /* Debug */ = {
			isa = XCBuildConfiguration;
			buildSettings = {
				ASSETCATALOG_COMPILER_APPICON_NAME = AppIcon;
				ASSETCATALOG_COMPILER_GLOBAL_ACCENT_COLOR_NAME = AccentColor;
				CODE_SIGN_STYLE = Automatic;
				DEVELOPMENT_TEAM = Z7F2HM5PGN;
				INFOPLIST_FILE = "DSA App/Info.plist";
				LD_RUNPATH_SEARCH_PATHS = (
					"$(inherited)",
					"@executable_path/Frameworks",
				);
				PRODUCT_BUNDLE_IDENTIFIER = "Big-Nerd-Ranch.DSA-App";
				PRODUCT_NAME = "$(TARGET_NAME)";
				SWIFT_VERSION = 5.0;
				TARGETED_DEVICE_FAMILY = "1,2";
			};
			name = Debug;
		};
		1983D8F225E886C6005CC0F1 /* Release */ = {
			isa = XCBuildConfiguration;
			buildSettings = {
				ASSETCATALOG_COMPILER_APPICON_NAME = AppIcon;
				ASSETCATALOG_COMPILER_GLOBAL_ACCENT_COLOR_NAME = AccentColor;
				CODE_SIGN_STYLE = Automatic;
				DEVELOPMENT_TEAM = Z7F2HM5PGN;
				INFOPLIST_FILE = "DSA App/Info.plist";
				LD_RUNPATH_SEARCH_PATHS = (
					"$(inherited)",
					"@executable_path/Frameworks",
				);
				PRODUCT_BUNDLE_IDENTIFIER = "Big-Nerd-Ranch.DSA-App";
				PRODUCT_NAME = "$(TARGET_NAME)";
				SWIFT_VERSION = 5.0;
				TARGETED_DEVICE_FAMILY = "1,2";
			};
			name = Release;
		};
		1983D8F425E886C6005CC0F1 /* Debug */ = {
			isa = XCBuildConfiguration;
			buildSettings = {
				ALWAYS_EMBED_SWIFT_STANDARD_LIBRARIES = YES;
				BUNDLE_LOADER = "$(TEST_HOST)";
				CODE_SIGN_STYLE = Automatic;
				DEVELOPMENT_TEAM = Z7F2HM5PGN;
				INFOPLIST_FILE = "DSA AppTests/Info.plist";
				IPHONEOS_DEPLOYMENT_TARGET = 14.4;
				LD_RUNPATH_SEARCH_PATHS = (
					"$(inherited)",
					"@executable_path/Frameworks",
					"@loader_path/Frameworks",
				);
				PRODUCT_BUNDLE_IDENTIFIER = "Big-Nerd-Ranch.DSA-AppTests";
				PRODUCT_NAME = "$(TARGET_NAME)";
				SWIFT_VERSION = 5.0;
				TARGETED_DEVICE_FAMILY = "1,2";
				TEST_HOST = "$(BUILT_PRODUCTS_DIR)/DSA App.app/DSA App";
			};
			name = Debug;
		};
		1983D8F525E886C6005CC0F1 /* Release */ = {
			isa = XCBuildConfiguration;
			buildSettings = {
				ALWAYS_EMBED_SWIFT_STANDARD_LIBRARIES = YES;
				BUNDLE_LOADER = "$(TEST_HOST)";
				CODE_SIGN_STYLE = Automatic;
				DEVELOPMENT_TEAM = Z7F2HM5PGN;
				INFOPLIST_FILE = "DSA AppTests/Info.plist";
				IPHONEOS_DEPLOYMENT_TARGET = 14.4;
				LD_RUNPATH_SEARCH_PATHS = (
					"$(inherited)",
					"@executable_path/Frameworks",
					"@loader_path/Frameworks",
				);
				PRODUCT_BUNDLE_IDENTIFIER = "Big-Nerd-Ranch.DSA-AppTests";
				PRODUCT_NAME = "$(TARGET_NAME)";
				SWIFT_VERSION = 5.0;
				TARGETED_DEVICE_FAMILY = "1,2";
				TEST_HOST = "$(BUILT_PRODUCTS_DIR)/DSA App.app/DSA App";
			};
			name = Release;
		};
		1983D8F725E886C6005CC0F1 /* Debug */ = {
			isa = XCBuildConfiguration;
			buildSettings = {
				ALWAYS_EMBED_SWIFT_STANDARD_LIBRARIES = YES;
				CODE_SIGN_STYLE = Automatic;
				DEVELOPMENT_TEAM = Z7F2HM5PGN;
				INFOPLIST_FILE = "DSA AppUITests/Info.plist";
				LD_RUNPATH_SEARCH_PATHS = (
					"$(inherited)",
					"@executable_path/Frameworks",
					"@loader_path/Frameworks",
				);
				PRODUCT_BUNDLE_IDENTIFIER = "Big-Nerd-Ranch.DSA-AppUITests";
				PRODUCT_NAME = "$(TARGET_NAME)";
				SWIFT_VERSION = 5.0;
				TARGETED_DEVICE_FAMILY = "1,2";
				TEST_TARGET_NAME = "DSA App";
			};
			name = Debug;
		};
		1983D8F825E886C6005CC0F1 /* Release */ = {
			isa = XCBuildConfiguration;
			buildSettings = {
				ALWAYS_EMBED_SWIFT_STANDARD_LIBRARIES = YES;
				CODE_SIGN_STYLE = Automatic;
				DEVELOPMENT_TEAM = Z7F2HM5PGN;
				INFOPLIST_FILE = "DSA AppUITests/Info.plist";
				LD_RUNPATH_SEARCH_PATHS = (
					"$(inherited)",
					"@executable_path/Frameworks",
					"@loader_path/Frameworks",
				);
				PRODUCT_BUNDLE_IDENTIFIER = "Big-Nerd-Ranch.DSA-AppUITests";
				PRODUCT_NAME = "$(TARGET_NAME)";
				SWIFT_VERSION = 5.0;
				TARGETED_DEVICE_FAMILY = "1,2";
				TEST_TARGET_NAME = "DSA App";
			};
			name = Release;
		};
/* End XCBuildConfiguration section */

/* Begin XCConfigurationList section */
		1983D8C125E886C2005CC0F1 /* Build configuration list for PBXProject "DSA App" */ = {
			isa = XCConfigurationList;
			buildConfigurations = (
				1983D8EE25E886C6005CC0F1 /* Debug */,
				1983D8EF25E886C6005CC0F1 /* Release */,
			);
			defaultConfigurationIsVisible = 0;
			defaultConfigurationName = Release;
		};
		1983D8F025E886C6005CC0F1 /* Build configuration list for PBXNativeTarget "DSA App" */ = {
			isa = XCConfigurationList;
			buildConfigurations = (
				1983D8F125E886C6005CC0F1 /* Debug */,
				1983D8F225E886C6005CC0F1 /* Release */,
			);
			defaultConfigurationIsVisible = 0;
			defaultConfigurationName = Release;
		};
		1983D8F325E886C6005CC0F1 /* Build configuration list for PBXNativeTarget "DSA AppTests" */ = {
			isa = XCConfigurationList;
			buildConfigurations = (
				1983D8F425E886C6005CC0F1 /* Debug */,
				1983D8F525E886C6005CC0F1 /* Release */,
			);
			defaultConfigurationIsVisible = 0;
			defaultConfigurationName = Release;
		};
		1983D8F625E886C6005CC0F1 /* Build configuration list for PBXNativeTarget "DSA AppUITests" */ = {
			isa = XCConfigurationList;
			buildConfigurations = (
				1983D8F725E886C6005CC0F1 /* Debug */,
				1983D8F825E886C6005CC0F1 /* Release */,
			);
			defaultConfigurationIsVisible = 0;
			defaultConfigurationName = Release;
		};
/* End XCConfigurationList section */
	};
	rootObject = 1983D8BE25E886C2005CC0F1 /* Project object */;
}
